
Microsoft Visual Studio Solution File, Format Version 12.00
# Visual Studio Version 17
VisualStudioVersion = 17.7.34031.279
MinimumVisualStudioVersion = 10.0.40219.1
Project("{FAE04EC0-301F-11D3-BF4B-00C04F79EFBC}") = "L5Input", "L5Input\L5Input.csproj", "{268461DC-6E7A-4B27-9681-2A1002DD5172}"
EndProject
Global
	GlobalSection(SolutionConfigurationPlatforms) = preSolution
		Debug|Any CPU = Debug|Any CPU
		Release|Any CPU = Release|Any CPU
	EndGlobalSection
	GlobalSection(ProjectConfigurationPlatforms) = postSolution
		{268461DC-6E7A-4B27-9681-2A1002DD5172}.Debug|Any CPU.ActiveCfg = Debug|Any CPU
		{268461DC-6E7A-4B27-9681-2A1002DD5172}.Debug|Any CPU.Build.0 = Debug|Any CPU
		{268461DC-6E7A-4B27-9681-2A1002DD5172}.Release|Any CPU.ActiveCfg = Release|Any CPU
		{268461DC-6E7A-4B27-9681-2A1002DD5172}.Release|Any CPU.Build.0 = Release|Any CPU
	EndGlobalSection
	GlobalSection(SolutionProperties) = preSolution
		HideSolutionNode = FALSE
	EndGlobalSection
	GlobalSection(ExtensibilityGlobals) = postSolution
		SolutionGuid = {829E85F0-0648-40AE-AF2C-178808697442}
	EndGlobalSection
EndGlobal
